
Microsoft Visual Studio Solution File, Format Version 12.00
# Visual Studio Version 16
VisualStudioVersion = 16.0.30104.148
MinimumVisualStudioVersion = 10.0.40219.1
Project("{FAE04EC0-301F-11D3-BF4B-00C04F79EFBC}") = "HalloTPL_und_AsyncAwait", "HalloTPL_und_AsyncAwait\HalloTPL_und_AsyncAwait.csproj", "{5D11CDCC-A8AB-47AB-949F-6D6EAF299636}"
EndProject
Global
	GlobalSection(SolutionConfigurationPlatforms) = preSolution
		Debug|Any CPU = Debug|Any CPU
		Release|Any CPU = Release|Any CPU
	EndGlobalSection
	GlobalSection(ProjectConfigurationPlatforms) = postSolution
		{5D11CDCC-A8AB-47AB-949F-6D6EAF299636}.Debug|Any CPU.ActiveCfg = Debug|Any CPU
		{5D11CDCC-A8AB-47AB-949F-6D6EAF299636}.Debug|Any CPU.Build.0 = Debug|Any CPU
		{5D11CDCC-A8AB-47AB-949F-6D6EAF299636}.Release|Any CPU.ActiveCfg = Release|Any CPU
		{5D11CDCC-A8AB-47AB-949F-6D6EAF299636}.Release|Any CPU.Build.0 = Release|Any CPU
	EndGlobalSection
	GlobalSection(SolutionProperties) = preSolution
		HideSolutionNode = FALSE
	EndGlobalSection
	GlobalSection(ExtensibilityGlobals) = postSolution
		SolutionGuid = {2F8EBA1A-000C-49E9-92ED-A77DA6192509}
	EndGlobalSection
EndGlobal
