
Microsoft Visual Studio Solution File, Format Version 12.00
# Visual Studio Version 16
VisualStudioVersion = 16.0.30104.148
MinimumVisualStudioVersion = 10.0.40219.1
Project("{FAE04EC0-301F-11D3-BF4B-00C04F79EFBC}") = "HalloReflections", "HalloReflections\HalloReflections.csproj", "{55B6C3D6-0F87-4716-90F8-1F143B70C288}"
EndProject
Project("{FAE04EC0-301F-11D3-BF4B-00C04F79EFBC}") = "ClassLibrary1", "ClassLibrary1\ClassLibrary1.csproj", "{4626DAD4-9872-4B40-9D3D-ABAD3860E84E}"
EndProject
Project("{FAE04EC0-301F-11D3-BF4B-00C04F79EFBC}") = "Contracts", "Contracts\Contracts.csproj", "{2ABE54E0-736F-450E-8B03-5553B82579EB}"
EndProject
Global
	GlobalSection(SolutionConfigurationPlatforms) = preSolution
		Debug|Any CPU = Debug|Any CPU
		Release|Any CPU = Release|Any CPU
	EndGlobalSection
	GlobalSection(ProjectConfigurationPlatforms) = postSolution
		{55B6C3D6-0F87-4716-90F8-1F143B70C288}.Debug|Any CPU.ActiveCfg = Debug|Any CPU
		{55B6C3D6-0F87-4716-90F8-1F143B70C288}.Debug|Any CPU.Build.0 = Debug|Any CPU
		{55B6C3D6-0F87-4716-90F8-1F143B70C288}.Release|Any CPU.ActiveCfg = Release|Any CPU
		{55B6C3D6-0F87-4716-90F8-1F143B70C288}.Release|Any CPU.Build.0 = Release|Any CPU
		{4626DAD4-9872-4B40-9D3D-ABAD3860E84E}.Debug|Any CPU.ActiveCfg = Debug|Any CPU
		{4626DAD4-9872-4B40-9D3D-ABAD3860E84E}.Debug|Any CPU.Build.0 = Debug|Any CPU
		{4626DAD4-9872-4B40-9D3D-ABAD3860E84E}.Release|Any CPU.ActiveCfg = Release|Any CPU
		{4626DAD4-9872-4B40-9D3D-ABAD3860E84E}.Release|Any CPU.Build.0 = Release|Any CPU
		{2ABE54E0-736F-450E-8B03-5553B82579EB}.Debug|Any CPU.ActiveCfg = Debug|Any CPU
		{2ABE54E0-736F-450E-8B03-5553B82579EB}.Debug|Any CPU.Build.0 = Debug|Any CPU
		{2ABE54E0-736F-450E-8B03-5553B82579EB}.Release|Any CPU.ActiveCfg = Release|Any CPU
		{2ABE54E0-736F-450E-8B03-5553B82579EB}.Release|Any CPU.Build.0 = Release|Any CPU
	EndGlobalSection
	GlobalSection(SolutionProperties) = preSolution
		HideSolutionNode = FALSE
	EndGlobalSection
	GlobalSection(ExtensibilityGlobals) = postSolution
		SolutionGuid = {29ED589F-5284-4AD4-8DF1-03CE0EF7046B}
	EndGlobalSection
EndGlobal
