
Microsoft Visual Studio Solution File, Format Version 12.00
# Visual Studio Version 16
VisualStudioVersion = 16.0.30104.148
MinimumVisualStudioVersion = 10.0.40219.1
Project("{FAE04EC0-301F-11D3-BF4B-00C04F79EFBC}") = "HalloLinq", "HalloLinq\HalloLinq.csproj", "{95BDAE07-CEAD-400F-97FD-5B91DF58CB41}"
EndProject
Global
	GlobalSection(SolutionConfigurationPlatforms) = preSolution
		Debug|Any CPU = Debug|Any CPU
		Release|Any CPU = Release|Any CPU
	EndGlobalSection
	GlobalSection(ProjectConfigurationPlatforms) = postSolution
		{95BDAE07-CEAD-400F-97FD-5B91DF58CB41}.Debug|Any CPU.ActiveCfg = Debug|Any CPU
		{95BDAE07-CEAD-400F-97FD-5B91DF58CB41}.Debug|Any CPU.Build.0 = Debug|Any CPU
		{95BDAE07-CEAD-400F-97FD-5B91DF58CB41}.Release|Any CPU.ActiveCfg = Release|Any CPU
		{95BDAE07-CEAD-400F-97FD-5B91DF58CB41}.Release|Any CPU.Build.0 = Release|Any CPU
	EndGlobalSection
	GlobalSection(SolutionProperties) = preSolution
		HideSolutionNode = FALSE
	EndGlobalSection
	GlobalSection(ExtensibilityGlobals) = postSolution
		SolutionGuid = {CC88E492-FF03-4877-8B3E-3EF378F0B9DC}
	EndGlobalSection
EndGlobal
